// !$*UTF8*$!
{
	archiveVersion = 1;
	classes = {
	};
	objectVersion = 56;
	objects = {

/* Begin PBXBuildFile section */
		75EA10FA2A4F2FC300DE79C2 /* PopularPexelsiOSApp.swift in Sources */ = {isa = PBXBuildFile; fileRef = 75EA10F92A4F2FC300DE79C2 /* PopularPexelsiOSApp.swift */; };
		75EA10FE2A4F2FC400DE79C2 /* Assets.xcassets in Resources */ = {isa = PBXBuildFile; fileRef = 75EA10FD2A4F2FC400DE79C2 /* Assets.xcassets */; };
		75EA11012A4F2FC400DE79C2 /* Preview Assets.xcassets in Resources */ = {isa = PBXBuildFile; fileRef = 75EA11002A4F2FC400DE79C2 /* Preview Assets.xcassets */; };
		75EA11242A4F312300DE79C2 /* Launch Screen.storyboard in Resources */ = {isa = PBXBuildFile; fileRef = 75EA11232A4F312300DE79C2 /* Launch Screen.storyboard */; };
		75EA11282A4F342B00DE79C2 /* PopularVideosView.swift in Sources */ = {isa = PBXBuildFile; fileRef = 75EA11272A4F342B00DE79C2 /* PopularVideosView.swift */; };
		75EA11292A4F342B00DE79C2 /* PopularVideosView.swift in Sources */ = {isa = PBXBuildFile; fileRef = 75EA11272A4F342B00DE79C2 /* PopularVideosView.swift */; };
		75EA112A2A4F342B00DE79C2 /* PopularVideosView.swift in Sources */ = {isa = PBXBuildFile; fileRef = 75EA11272A4F342B00DE79C2 /* PopularVideosView.swift */; };
		75EA112D2A4F380C00DE79C2 /* Video.swift in Sources */ = {isa = PBXBuildFile; fileRef = 75EA112C2A4F380C00DE79C2 /* Video.swift */; };
		75EA112E2A4F380C00DE79C2 /* Video.swift in Sources */ = {isa = PBXBuildFile; fileRef = 75EA112C2A4F380C00DE79C2 /* Video.swift */; };
		75EA112F2A4F380C00DE79C2 /* Video.swift in Sources */ = {isa = PBXBuildFile; fileRef = 75EA112C2A4F380C00DE79C2 /* Video.swift */; };
		75EA11332A4F3D5A00DE79C2 /* VideoCard.swift in Sources */ = {isa = PBXBuildFile; fileRef = 75EA11322A4F3D5A00DE79C2 /* VideoCard.swift */; };
		75EA11342A4F3D5A00DE79C2 /* VideoCard.swift in Sources */ = {isa = PBXBuildFile; fileRef = 75EA11322A4F3D5A00DE79C2 /* VideoCard.swift */; };
		75EA11352A4F3D5A00DE79C2 /* VideoCard.swift in Sources */ = {isa = PBXBuildFile; fileRef = 75EA11322A4F3D5A00DE79C2 /* VideoCard.swift */; };
		75EA11382A4F3FBE00DE79C2 /* DataModel.swift in Sources */ = {isa = PBXBuildFile; fileRef = 75EA11372A4F3FBE00DE79C2 /* DataModel.swift */; };
		75EA11392A4F3FBE00DE79C2 /* DataModel.swift in Sources */ = {isa = PBXBuildFile; fileRef = 75EA11372A4F3FBE00DE79C2 /* DataModel.swift */; };
		75EA113A2A4F3FBE00DE79C2 /* DataModel.swift in Sources */ = {isa = PBXBuildFile; fileRef = 75EA11372A4F3FBE00DE79C2 /* DataModel.swift */; };
		75EA113C2A4F403600DE79C2 /* video.json in Resources */ = {isa = PBXBuildFile; fileRef = 75EA113B2A4F400E00DE79C2 /* video.json */; };
		75EA113F2A4F410D00DE79C2 /* VideoView.swift in Sources */ = {isa = PBXBuildFile; fileRef = 75EA113E2A4F410D00DE79C2 /* VideoView.swift */; };
		75EA11402A4F410D00DE79C2 /* VideoView.swift in Sources */ = {isa = PBXBuildFile; fileRef = 75EA113E2A4F410D00DE79C2 /* VideoView.swift */; };
		75EA11412A4F410D00DE79C2 /* VideoView.swift in Sources */ = {isa = PBXBuildFile; fileRef = 75EA113E2A4F410D00DE79C2 /* VideoView.swift */; };
		75EA11432A4F42A700DE79C2 /* VideoViewModel.swift in Sources */ = {isa = PBXBuildFile; fileRef = 75EA11422A4F42A700DE79C2 /* VideoViewModel.swift */; };
		75EA11442A4F42A700DE79C2 /* VideoViewModel.swift in Sources */ = {isa = PBXBuildFile; fileRef = 75EA11422A4F42A700DE79C2 /* VideoViewModel.swift */; };
		75EA11452A4F42A700DE79C2 /* VideoViewModel.swift in Sources */ = {isa = PBXBuildFile; fileRef = 75EA11422A4F42A700DE79C2 /* VideoViewModel.swift */; };
		75EA11472A4F441800DE79C2 /* PopularVideosViewModel.swift in Sources */ = {isa = PBXBuildFile; fileRef = 75EA11462A4F441800DE79C2 /* PopularVideosViewModel.swift */; };
		75EA11482A4F441800DE79C2 /* PopularVideosViewModel.swift in Sources */ = {isa = PBXBuildFile; fileRef = 75EA11462A4F441800DE79C2 /* PopularVideosViewModel.swift */; };
		75EA11492A4F441800DE79C2 /* PopularVideosViewModel.swift in Sources */ = {isa = PBXBuildFile; fileRef = 75EA11462A4F441800DE79C2 /* PopularVideosViewModel.swift */; };
		75EA114B2A4F47DE00DE79C2 /* popularVideos.json in Resources */ = {isa = PBXBuildFile; fileRef = 75EA114A2A4F457000DE79C2 /* popularVideos.json */; };
		75EA114E2A4F540B00DE79C2 /* HttpRequest.swift in Sources */ = {isa = PBXBuildFile; fileRef = 75EA114D2A4F540B00DE79C2 /* HttpRequest.swift */; };
		75EA114F2A4F540B00DE79C2 /* HttpRequest.swift in Sources */ = {isa = PBXBuildFile; fileRef = 75EA114D2A4F540B00DE79C2 /* HttpRequest.swift */; };
		75EA11502A4F540B00DE79C2 /* HttpRequest.swift in Sources */ = {isa = PBXBuildFile; fileRef = 75EA114D2A4F540B00DE79C2 /* HttpRequest.swift */; };
		75EA11522A4F543200DE79C2 /* UrlSessionRequest.swift in Sources */ = {isa = PBXBuildFile; fileRef = 75EA11512A4F543200DE79C2 /* UrlSessionRequest.swift */; };
		75EA11532A4F543200DE79C2 /* UrlSessionRequest.swift in Sources */ = {isa = PBXBuildFile; fileRef = 75EA11512A4F543200DE79C2 /* UrlSessionRequest.swift */; };
		75EA11542A4F543200DE79C2 /* UrlSessionRequest.swift in Sources */ = {isa = PBXBuildFile; fileRef = 75EA11512A4F543200DE79C2 /* UrlSessionRequest.swift */; };
		75EA11562A4F552E00DE79C2 /* VideoService.swift in Sources */ = {isa = PBXBuildFile; fileRef = 75EA11552A4F552E00DE79C2 /* VideoService.swift */; };
		75EA11572A4F552E00DE79C2 /* VideoService.swift in Sources */ = {isa = PBXBuildFile; fileRef = 75EA11552A4F552E00DE79C2 /* VideoService.swift */; };
		75EA11582A4F552E00DE79C2 /* VideoService.swift in Sources */ = {isa = PBXBuildFile; fileRef = 75EA11552A4F552E00DE79C2 /* VideoService.swift */; };
/* End PBXBuildFile section */

/* Begin PBXContainerItemProxy section */
		75EA11072A4F2FC400DE79C2 /* PBXContainerItemProxy */ = {
			isa = PBXContainerItemProxy;
			containerPortal = 75EA10EE2A4F2FC300DE79C2 /* Project object */;
			proxyType = 1;
			remoteGlobalIDString = 75EA10F52A4F2FC300DE79C2;
			remoteInfo = "popular-pexels-ios";
		};
		75EA11112A4F2FC400DE79C2 /* PBXContainerItemProxy */ = {
			isa = PBXContainerItemProxy;
			containerPortal = 75EA10EE2A4F2FC300DE79C2 /* Project object */;
			proxyType = 1;
			remoteGlobalIDString = 75EA10F52A4F2FC300DE79C2;
			remoteInfo = "popular-pexels-ios";
		};
/* End PBXContainerItemProxy section */

/* Begin PBXFileReference section */
		75EA10F62A4F2FC300DE79C2 /* popular-pexels-ios.app */ = {isa = PBXFileReference; explicitFileType = wrapper.application; includeInIndex = 0; path = "popular-pexels-ios.app"; sourceTree = BUILT_PRODUCTS_DIR; };
		75EA10F92A4F2FC300DE79C2 /* PopularPexelsiOSApp.swift */ = {isa = PBXFileReference; lastKnownFileType = sourcecode.swift; path = PopularPexelsiOSApp.swift; sourceTree = "<group>"; };
		75EA10FD2A4F2FC400DE79C2 /* Assets.xcassets */ = {isa = PBXFileReference; lastKnownFileType = folder.assetcatalog; path = Assets.xcassets; sourceTree = "<group>"; };
		75EA11002A4F2FC400DE79C2 /* Preview Assets.xcassets */ = {isa = PBXFileReference; lastKnownFileType = folder.assetcatalog; path = "Preview Assets.xcassets"; sourceTree = "<group>"; };
		75EA11062A4F2FC400DE79C2 /* popular-pexels-iosTests.xctest */ = {isa = PBXFileReference; explicitFileType = wrapper.cfbundle; includeInIndex = 0; path = "popular-pexels-iosTests.xctest"; sourceTree = BUILT_PRODUCTS_DIR; };
		75EA11102A4F2FC400DE79C2 /* popular-pexels-iosUITests.xctest */ = {isa = PBXFileReference; explicitFileType = wrapper.cfbundle; includeInIndex = 0; path = "popular-pexels-iosUITests.xctest"; sourceTree = BUILT_PRODUCTS_DIR; };
		75EA11232A4F312300DE79C2 /* Launch Screen.storyboard */ = {isa = PBXFileReference; lastKnownFileType = file.storyboard; path = "Launch Screen.storyboard"; sourceTree = "<group>"; };
		75EA11272A4F342B00DE79C2 /* PopularVideosView.swift */ = {isa = PBXFileReference; lastKnownFileType = sourcecode.swift; path = PopularVideosView.swift; sourceTree = "<group>"; };
		75EA112C2A4F380C00DE79C2 /* Video.swift */ = {isa = PBXFileReference; lastKnownFileType = sourcecode.swift; path = Video.swift; sourceTree = "<group>"; };
		75EA11322A4F3D5A00DE79C2 /* VideoCard.swift */ = {isa = PBXFileReference; lastKnownFileType = sourcecode.swift; path = VideoCard.swift; sourceTree = "<group>"; };
		75EA11372A4F3FBE00DE79C2 /* DataModel.swift */ = {isa = PBXFileReference; lastKnownFileType = sourcecode.swift; path = DataModel.swift; sourceTree = "<group>"; };
		75EA113B2A4F400E00DE79C2 /* video.json */ = {isa = PBXFileReference; lastKnownFileType = text.json; path = video.json; sourceTree = "<group>"; };
		75EA113E2A4F410D00DE79C2 /* VideoView.swift */ = {isa = PBXFileReference; lastKnownFileType = sourcecode.swift; path = VideoView.swift; sourceTree = "<group>"; };
		75EA11422A4F42A700DE79C2 /* VideoViewModel.swift */ = {isa = PBXFileReference; lastKnownFileType = sourcecode.swift; path = VideoViewModel.swift; sourceTree = "<group>"; };
		75EA11462A4F441800DE79C2 /* PopularVideosViewModel.swift */ = {isa = PBXFileReference; lastKnownFileType = sourcecode.swift; path = PopularVideosViewModel.swift; sourceTree = "<group>"; };
		75EA114A2A4F457000DE79C2 /* popularVideos.json */ = {isa = PBXFileReference; lastKnownFileType = text.json; path = popularVideos.json; sourceTree = "<group>"; };
		75EA114D2A4F540B00DE79C2 /* HttpRequest.swift */ = {isa = PBXFileReference; lastKnownFileType = sourcecode.swift; path = HttpRequest.swift; sourceTree = "<group>"; };
		75EA11512A4F543200DE79C2 /* UrlSessionRequest.swift */ = {isa = PBXFileReference; lastKnownFileType = sourcecode.swift; path = UrlSessionRequest.swift; sourceTree = "<group>"; };
		75EA11552A4F552E00DE79C2 /* VideoService.swift */ = {isa = PBXFileReference; lastKnownFileType = sourcecode.swift; path = VideoService.swift; sourceTree = "<group>"; };
/* End PBXFileReference section */

/* Begin PBXFrameworksBuildPhase section */
		75EA10F32A4F2FC300DE79C2 /* Frameworks */ = {
			isa = PBXFrameworksBuildPhase;
			buildActionMask = 2147483647;
			files = (
			);
			runOnlyForDeploymentPostprocessing = 0;
		};
		75EA11032A4F2FC400DE79C2 /* Frameworks */ = {
			isa = PBXFrameworksBuildPhase;
			buildActionMask = 2147483647;
			files = (
			);
			runOnlyForDeploymentPostprocessing = 0;
		};
		75EA110D2A4F2FC400DE79C2 /* Frameworks */ = {
			isa = PBXFrameworksBuildPhase;
			buildActionMask = 2147483647;
			files = (
			);
			runOnlyForDeploymentPostprocessing = 0;
		};
/* End PBXFrameworksBuildPhase section */

/* Begin PBXGroup section */
		75EA10ED2A4F2FC300DE79C2 = {
			isa = PBXGroup;
			children = (
				75EA10F82A4F2FC300DE79C2 /* popular-pexels-ios */,
				75EA10F72A4F2FC300DE79C2 /* Products */,
			);
			sourceTree = "<group>";
		};
		75EA10F72A4F2FC300DE79C2 /* Products */ = {
			isa = PBXGroup;
			children = (
				75EA10F62A4F2FC300DE79C2 /* popular-pexels-ios.app */,
				75EA11062A4F2FC400DE79C2 /* popular-pexels-iosTests.xctest */,
				75EA11102A4F2FC400DE79C2 /* popular-pexels-iosUITests.xctest */,
			);
			name = Products;
			sourceTree = "<group>";
		};
		75EA10F82A4F2FC300DE79C2 /* popular-pexels-ios */ = {
			isa = PBXGroup;
			children = (
				75EA10F92A4F2FC300DE79C2 /* PopularPexelsiOSApp.swift */,
				75EA11302A4F3CED00DE79C2 /* ViewModel */,
				75EA11262A4F33F500DE79C2 /* View */,
				75EA112B2A4F37DF00DE79C2 /* Model */,
				75EA114C2A4F53EA00DE79C2 /* Service */,
				75EA11312A4F3D3D00DE79C2 /* Components */,
				75EA11252A4F330500DE79C2 /* Resources */,
				75EA10FF2A4F2FC400DE79C2 /* Preview Content */,
			);
			path = "popular-pexels-ios";
			sourceTree = "<group>";
		};
		75EA10FF2A4F2FC400DE79C2 /* Preview Content */ = {
			isa = PBXGroup;
			children = (
				75EA11362A4F3F6E00DE79C2 /* VideoPreview */,
				75EA11002A4F2FC400DE79C2 /* Preview Assets.xcassets */,
				75EA11372A4F3FBE00DE79C2 /* DataModel.swift */,
			);
			path = "Preview Content";
			sourceTree = "<group>";
		};
		75EA11252A4F330500DE79C2 /* Resources */ = {
			isa = PBXGroup;
			children = (
				75EA11232A4F312300DE79C2 /* Launch Screen.storyboard */,
				75EA10FD2A4F2FC400DE79C2 /* Assets.xcassets */,
			);
			path = Resources;
			sourceTree = "<group>";
		};
		75EA11262A4F33F500DE79C2 /* View */ = {
			isa = PBXGroup;
			children = (
				75EA11272A4F342B00DE79C2 /* PopularVideosView.swift */,
				75EA113E2A4F410D00DE79C2 /* VideoView.swift */,
			);
			path = View;
			sourceTree = "<group>";
		};
		75EA112B2A4F37DF00DE79C2 /* Model */ = {
			isa = PBXGroup;
			children = (
				75EA112C2A4F380C00DE79C2 /* Video.swift */,
			);
			path = Model;
			sourceTree = "<group>";
		};
		75EA11302A4F3CED00DE79C2 /* ViewModel */ = {
			isa = PBXGroup;
			children = (
				75EA11422A4F42A700DE79C2 /* VideoViewModel.swift */,
				75EA11462A4F441800DE79C2 /* PopularVideosViewModel.swift */,
			);
			path = ViewModel;
			sourceTree = "<group>";
		};
		75EA11312A4F3D3D00DE79C2 /* Components */ = {
			isa = PBXGroup;
			children = (
				75EA11322A4F3D5A00DE79C2 /* VideoCard.swift */,
			);
			path = Components;
			sourceTree = "<group>";
		};
		75EA11362A4F3F6E00DE79C2 /* VideoPreview */ = {
			isa = PBXGroup;
			children = (
				75EA113B2A4F400E00DE79C2 /* video.json */,
				75EA114A2A4F457000DE79C2 /* popularVideos.json */,
			);
			path = VideoPreview;
			sourceTree = "<group>";
		};
		75EA114C2A4F53EA00DE79C2 /* Service */ = {
			isa = PBXGroup;
			children = (
				75EA114D2A4F540B00DE79C2 /* HttpRequest.swift */,
				75EA11512A4F543200DE79C2 /* UrlSessionRequest.swift */,
				75EA11552A4F552E00DE79C2 /* VideoService.swift */,
			);
			path = Service;
			sourceTree = "<group>";
		};
/* End PBXGroup section */

/* Begin PBXNativeTarget section */
		75EA10F52A4F2FC300DE79C2 /* popular-pexels-ios */ = {
			isa = PBXNativeTarget;
			buildConfigurationList = 75EA111A2A4F2FC400DE79C2 /* Build configuration list for PBXNativeTarget "popular-pexels-ios" */;
			buildPhases = (
				75EA10F22A4F2FC300DE79C2 /* Sources */,
				75EA10F32A4F2FC300DE79C2 /* Frameworks */,
				75EA10F42A4F2FC300DE79C2 /* Resources */,
			);
			buildRules = (
			);
			dependencies = (
			);
			name = "popular-pexels-ios";
			productName = "popular-pexels-ios";
			productReference = 75EA10F62A4F2FC300DE79C2 /* popular-pexels-ios.app */;
			productType = "com.apple.product-type.application";
		};
		75EA11052A4F2FC400DE79C2 /* popular-pexels-iosTests */ = {
			isa = PBXNativeTarget;
			buildConfigurationList = 75EA111D2A4F2FC400DE79C2 /* Build configuration list for PBXNativeTarget "popular-pexels-iosTests" */;
			buildPhases = (
				75EA11022A4F2FC400DE79C2 /* Sources */,
				75EA11032A4F2FC400DE79C2 /* Frameworks */,
				75EA11042A4F2FC400DE79C2 /* Resources */,
			);
			buildRules = (
			);
			dependencies = (
				75EA11082A4F2FC400DE79C2 /* PBXTargetDependency */,
			);
			name = "popular-pexels-iosTests";
			productName = "popular-pexels-iosTests";
			productReference = 75EA11062A4F2FC400DE79C2 /* popular-pexels-iosTests.xctest */;
			productType = "com.apple.product-type.bundle.unit-test";
		};
		75EA110F2A4F2FC400DE79C2 /* popular-pexels-iosUITests */ = {
			isa = PBXNativeTarget;
			buildConfigurationList = 75EA11202A4F2FC400DE79C2 /* Build configuration list for PBXNativeTarget "popular-pexels-iosUITests" */;
			buildPhases = (
				75EA110C2A4F2FC400DE79C2 /* Sources */,
				75EA110D2A4F2FC400DE79C2 /* Frameworks */,
				75EA110E2A4F2FC400DE79C2 /* Resources */,
			);
			buildRules = (
			);
			dependencies = (
				75EA11122A4F2FC400DE79C2 /* PBXTargetDependency */,
			);
			name = "popular-pexels-iosUITests";
			productName = "popular-pexels-iosUITests";
			productReference = 75EA11102A4F2FC400DE79C2 /* popular-pexels-iosUITests.xctest */;
			productType = "com.apple.product-type.bundle.ui-testing";
		};
/* End PBXNativeTarget section */

/* Begin PBXProject section */
		75EA10EE2A4F2FC300DE79C2 /* Project object */ = {
			isa = PBXProject;
			attributes = {
				BuildIndependentTargetsInParallel = 1;
				LastSwiftUpdateCheck = 1430;
				LastUpgradeCheck = 1430;
				TargetAttributes = {
					75EA10F52A4F2FC300DE79C2 = {
						CreatedOnToolsVersion = 14.3.1;
					};
					75EA11052A4F2FC400DE79C2 = {
						CreatedOnToolsVersion = 14.3.1;
						TestTargetID = 75EA10F52A4F2FC300DE79C2;
					};
					75EA110F2A4F2FC400DE79C2 = {
						CreatedOnToolsVersion = 14.3.1;
						TestTargetID = 75EA10F52A4F2FC300DE79C2;
					};
				};
			};
			buildConfigurationList = 75EA10F12A4F2FC300DE79C2 /* Build configuration list for PBXProject "popular-pexels-ios" */;
			compatibilityVersion = "Xcode 14.0";
			developmentRegion = en;
			hasScannedForEncodings = 0;
			knownRegions = (
				en,
				Base,
			);
			mainGroup = 75EA10ED2A4F2FC300DE79C2;
			productRefGroup = 75EA10F72A4F2FC300DE79C2 /* Products */;
			projectDirPath = "";
			projectRoot = "";
			targets = (
				75EA10F52A4F2FC300DE79C2 /* popular-pexels-ios */,
				75EA11052A4F2FC400DE79C2 /* popular-pexels-iosTests */,
				75EA110F2A4F2FC400DE79C2 /* popular-pexels-iosUITests */,
			);
		};
/* End PBXProject section */

/* Begin PBXResourcesBuildPhase section */
		75EA10F42A4F2FC300DE79C2 /* Resources */ = {
			isa = PBXResourcesBuildPhase;
			buildActionMask = 2147483647;
			files = (
				75EA114B2A4F47DE00DE79C2 /* popularVideos.json in Resources */,
				75EA113C2A4F403600DE79C2 /* video.json in Resources */,
				75EA11242A4F312300DE79C2 /* Launch Screen.storyboard in Resources */,
				75EA11012A4F2FC400DE79C2 /* Preview Assets.xcassets in Resources */,
				75EA10FE2A4F2FC400DE79C2 /* Assets.xcassets in Resources */,
			);
			runOnlyForDeploymentPostprocessing = 0;
		};
		75EA11042A4F2FC400DE79C2 /* Resources */ = {
			isa = PBXResourcesBuildPhase;
			buildActionMask = 2147483647;
			files = (
			);
			runOnlyForDeploymentPostprocessing = 0;
		};
		75EA110E2A4F2FC400DE79C2 /* Resources */ = {
			isa = PBXResourcesBuildPhase;
			buildActionMask = 2147483647;
			files = (
			);
			runOnlyForDeploymentPostprocessing = 0;
		};
/* End PBXResourcesBuildPhase section */

/* Begin PBXSourcesBuildPhase section */
		75EA10F22A4F2FC300DE79C2 /* Sources */ = {
			isa = PBXSourcesBuildPhase;
			buildActionMask = 2147483647;
			files = (
				75EA11472A4F441800DE79C2 /* PopularVideosViewModel.swift in Sources */,
				75EA113F2A4F410D00DE79C2 /* VideoView.swift in Sources */,
				75EA11382A4F3FBE00DE79C2 /* DataModel.swift in Sources */,
				75EA11282A4F342B00DE79C2 /* PopularVideosView.swift in Sources */,
				75EA112D2A4F380C00DE79C2 /* Video.swift in Sources */,
				75EA114E2A4F540B00DE79C2 /* HttpRequest.swift in Sources */,
				75EA11562A4F552E00DE79C2 /* VideoService.swift in Sources */,
				75EA11432A4F42A700DE79C2 /* VideoViewModel.swift in Sources */,
				75EA10FA2A4F2FC300DE79C2 /* PopularPexelsiOSApp.swift in Sources */,
				75EA11522A4F543200DE79C2 /* UrlSessionRequest.swift in Sources */,
				75EA11332A4F3D5A00DE79C2 /* VideoCard.swift in Sources */,
			);
			runOnlyForDeploymentPostprocessing = 0;
		};
		75EA11022A4F2FC400DE79C2 /* Sources */ = {
			isa = PBXSourcesBuildPhase;
			buildActionMask = 2147483647;
			files = (
				75EA11482A4F441800DE79C2 /* PopularVideosViewModel.swift in Sources */,
				75EA11402A4F410D00DE79C2 /* VideoView.swift in Sources */,
				75EA11392A4F3FBE00DE79C2 /* DataModel.swift in Sources */,
				75EA11292A4F342B00DE79C2 /* PopularVideosView.swift in Sources */,
				75EA112E2A4F380C00DE79C2 /* Video.swift in Sources */,
				75EA114F2A4F540B00DE79C2 /* HttpRequest.swift in Sources */,
				75EA11572A4F552E00DE79C2 /* VideoService.swift in Sources */,
				75EA11442A4F42A700DE79C2 /* VideoViewModel.swift in Sources */,
				75EA11532A4F543200DE79C2 /* UrlSessionRequest.swift in Sources */,
				75EA11342A4F3D5A00DE79C2 /* VideoCard.swift in Sources */,
			);
			runOnlyForDeploymentPostprocessing = 0;
		};
		75EA110C2A4F2FC400DE79C2 /* Sources */ = {
			isa = PBXSourcesBuildPhase;
			buildActionMask = 2147483647;
			files = (
				75EA11492A4F441800DE79C2 /* PopularVideosViewModel.swift in Sources */,
				75EA11582A4F552E00DE79C2 /* VideoService.swift in Sources */,
				75EA11502A4F540B00DE79C2 /* HttpRequest.swift in Sources */,
				75EA112A2A4F342B00DE79C2 /* PopularVideosView.swift in Sources */,
				75EA11412A4F410D00DE79C2 /* VideoView.swift in Sources */,
				75EA11452A4F42A700DE79C2 /* VideoViewModel.swift in Sources */,
				75EA11352A4F3D5A00DE79C2 /* VideoCard.swift in Sources */,
				75EA112F2A4F380C00DE79C2 /* Video.swift in Sources */,
				75EA11542A4F543200DE79C2 /* UrlSessionRequest.swift in Sources */,
				75EA113A2A4F3FBE00DE79C2 /* DataModel.swift in Sources */,
			);
			runOnlyForDeploymentPostprocessing = 0;
		};
/* End PBXSourcesBuildPhase section */

/* Begin PBXTargetDependency section */
		75EA11082A4F2FC400DE79C2 /* PBXTargetDependency */ = {
			isa = PBXTargetDependency;
			target = 75EA10F52A4F2FC300DE79C2 /* popular-pexels-ios */;
			targetProxy = 75EA11072A4F2FC400DE79C2 /* PBXContainerItemProxy */;
		};
		75EA11122A4F2FC400DE79C2 /* PBXTargetDependency */ = {
			isa = PBXTargetDependency;
			target = 75EA10F52A4F2FC300DE79C2 /* popular-pexels-ios */;
			targetProxy = 75EA11112A4F2FC400DE79C2 /* PBXContainerItemProxy */;
		};
/* End PBXTargetDependency section */

/* Begin XCBuildConfiguration section */
		75EA11182A4F2FC400DE79C2 /* Debug */ = {
			isa = XCBuildConfiguration;
			buildSettings = {
				ALWAYS_SEARCH_USER_PATHS = NO;
				CLANG_ANALYZER_NONNULL = YES;
				CLANG_ANALYZER_NUMBER_OBJECT_CONVERSION = YES_AGGRESSIVE;
				CLANG_CXX_LANGUAGE_STANDARD = "gnu++20";
				CLANG_ENABLE_MODULES = YES;
				CLANG_ENABLE_OBJC_ARC = YES;
				CLANG_ENABLE_OBJC_WEAK = YES;
				CLANG_WARN_BLOCK_CAPTURE_AUTORELEASING = YES;
				CLANG_WARN_BOOL_CONVERSION = YES;
				CLANG_WARN_COMMA = YES;
				CLANG_WARN_CONSTANT_CONVERSION = YES;
				CLANG_WARN_DEPRECATED_OBJC_IMPLEMENTATIONS = YES;
				CLANG_WARN_DIRECT_OBJC_ISA_USAGE = YES_ERROR;
				CLANG_WARN_DOCUMENTATION_COMMENTS = YES;
				CLANG_WARN_EMPTY_BODY = YES;
				CLANG_WARN_ENUM_CONVERSION = YES;
				CLANG_WARN_INFINITE_RECURSION = YES;
				CLANG_WARN_INT_CONVERSION = YES;
				CLANG_WARN_NON_LITERAL_NULL_CONVERSION = YES;
				CLANG_WARN_OBJC_IMPLICIT_RETAIN_SELF = YES;
				CLANG_WARN_OBJC_LITERAL_CONVERSION = YES;
				CLANG_WARN_OBJC_ROOT_CLASS = YES_ERROR;
				CLANG_WARN_QUOTED_INCLUDE_IN_FRAMEWORK_HEADER = YES;
				CLANG_WARN_RANGE_LOOP_ANALYSIS = YES;
				CLANG_WARN_STRICT_PROTOTYPES = YES;
				CLANG_WARN_SUSPICIOUS_MOVE = YES;
				CLANG_WARN_UNGUARDED_AVAILABILITY = YES_AGGRESSIVE;
				CLANG_WARN_UNREACHABLE_CODE = YES;
				CLANG_WARN__DUPLICATE_METHOD_MATCH = YES;
				COPY_PHASE_STRIP = NO;
				DEBUG_INFORMATION_FORMAT = dwarf;
				ENABLE_STRICT_OBJC_MSGSEND = YES;
				ENABLE_TESTABILITY = YES;
				GCC_C_LANGUAGE_STANDARD = gnu11;
				GCC_DYNAMIC_NO_PIC = NO;
				GCC_NO_COMMON_BLOCKS = YES;
				GCC_OPTIMIZATION_LEVEL = 0;
				GCC_PREPROCESSOR_DEFINITIONS = (
					"DEBUG=1",
					"$(inherited)",
				);
				GCC_WARN_64_TO_32_BIT_CONVERSION = YES;
				GCC_WARN_ABOUT_RETURN_TYPE = YES_ERROR;
				GCC_WARN_UNDECLARED_SELECTOR = YES;
				GCC_WARN_UNINITIALIZED_AUTOS = YES_AGGRESSIVE;
				GCC_WARN_UNUSED_FUNCTION = YES;
				GCC_WARN_UNUSED_VARIABLE = YES;
				IPHONEOS_DEPLOYMENT_TARGET = 16.4;
				MTL_ENABLE_DEBUG_INFO = INCLUDE_SOURCE;
				MTL_FAST_MATH = YES;
				ONLY_ACTIVE_ARCH = YES;
				SDKROOT = iphoneos;
				SWIFT_ACTIVE_COMPILATION_CONDITIONS = DEBUG;
				SWIFT_OPTIMIZATION_LEVEL = "-Onone";
			};
			name = Debug;
		};
		75EA11192A4F2FC400DE79C2 /* Release */ = {
			isa = XCBuildConfiguration;
			buildSettings = {
				ALWAYS_SEARCH_USER_PATHS = NO;
				CLANG_ANALYZER_NONNULL = YES;
				CLANG_ANALYZER_NUMBER_OBJECT_CONVERSION = YES_AGGRESSIVE;
				CLANG_CXX_LANGUAGE_STANDARD = "gnu++20";
				CLANG_ENABLE_MODULES = YES;
				CLANG_ENABLE_OBJC_ARC = YES;
				CLANG_ENABLE_OBJC_WEAK = YES;
				CLANG_WARN_BLOCK_CAPTURE_AUTORELEASING = YES;
				CLANG_WARN_BOOL_CONVERSION = YES;
				CLANG_WARN_COMMA = YES;
				CLANG_WARN_CONSTANT_CONVERSION = YES;
				CLANG_WARN_DEPRECATED_OBJC_IMPLEMENTATIONS = YES;
				CLANG_WARN_DIRECT_OBJC_ISA_USAGE = YES_ERROR;
				CLANG_WARN_DOCUMENTATION_COMMENTS = YES;
				CLANG_WARN_EMPTY_BODY = YES;
				CLANG_WARN_ENUM_CONVERSION = YES;
				CLANG_WARN_INFINITE_RECURSION = YES;
				CLANG_WARN_INT_CONVERSION = YES;
				CLANG_WARN_NON_LITERAL_NULL_CONVERSION = YES;
				CLANG_WARN_OBJC_IMPLICIT_RETAIN_SELF = YES;
				CLANG_WARN_OBJC_LITERAL_CONVERSION = YES;
				CLANG_WARN_OBJC_ROOT_CLASS = YES_ERROR;
				CLANG_WARN_QUOTED_INCLUDE_IN_FRAMEWORK_HEADER = YES;
				CLANG_WARN_RANGE_LOOP_ANALYSIS = YES;
				CLANG_WARN_STRICT_PROTOTYPES = YES;
				CLANG_WARN_SUSPICIOUS_MOVE = YES;
				CLANG_WARN_UNGUARDED_AVAILABILITY = YES_AGGRESSIVE;
				CLANG_WARN_UNREACHABLE_CODE = YES;
				CLANG_WARN__DUPLICATE_METHOD_MATCH = YES;
				COPY_PHASE_STRIP = NO;
				DEBUG_INFORMATION_FORMAT = "dwarf-with-dsym";
				ENABLE_NS_ASSERTIONS = NO;
				ENABLE_STRICT_OBJC_MSGSEND = YES;
				GCC_C_LANGUAGE_STANDARD = gnu11;
				GCC_NO_COMMON_BLOCKS = YES;
				GCC_WARN_64_TO_32_BIT_CONVERSION = YES;
				GCC_WARN_ABOUT_RETURN_TYPE = YES_ERROR;
				GCC_WARN_UNDECLARED_SELECTOR = YES;
				GCC_WARN_UNINITIALIZED_AUTOS = YES_AGGRESSIVE;
				GCC_WARN_UNUSED_FUNCTION = YES;
				GCC_WARN_UNUSED_VARIABLE = YES;
				IPHONEOS_DEPLOYMENT_TARGET = 16.4;
				MTL_ENABLE_DEBUG_INFO = NO;
				MTL_FAST_MATH = YES;
				SDKROOT = iphoneos;
				SWIFT_COMPILATION_MODE = wholemodule;
				SWIFT_OPTIMIZATION_LEVEL = "-O";
				VALIDATE_PRODUCT = YES;
			};
			name = Release;
		};
		75EA111B2A4F2FC400DE79C2 /* Debug */ = {
			isa = XCBuildConfiguration;
			buildSettings = {
				ASSETCATALOG_COMPILER_APPICON_NAME = AppIcon;
				ASSETCATALOG_COMPILER_GLOBAL_ACCENT_COLOR_NAME = AccentColor;
				CODE_SIGN_STYLE = Automatic;
				CURRENT_PROJECT_VERSION = 1;
				DEVELOPMENT_ASSET_PATHS = "\"popular-pexels-ios/Preview Content\"";
				DEVELOPMENT_TEAM = 8KR33X63ZD;
				ENABLE_PREVIEWS = YES;
				GENERATE_INFOPLIST_FILE = YES;
				INFOPLIST_KEY_CFBundleDisplayName = "Popular Pexels";
				INFOPLIST_KEY_LSApplicationCategoryType = "public.app-category.video";
				INFOPLIST_KEY_UIApplicationSceneManifest_Generation = YES;
				INFOPLIST_KEY_UIApplicationSupportsIndirectInputEvents = YES;
				INFOPLIST_KEY_UILaunchScreen_Generation = YES;
				INFOPLIST_KEY_UILaunchStoryboardName = "Launch Screen.storyboard";
				INFOPLIST_KEY_UIStatusBarStyle = UIStatusBarStyleLightContent;
				INFOPLIST_KEY_UISupportedInterfaceOrientations = UIInterfaceOrientationPortrait;
				INFOPLIST_KEY_UISupportedInterfaceOrientations_iPad = "UIInterfaceOrientationLandscapeLeft UIInterfaceOrientationLandscapeRight UIInterfaceOrientationPortrait UIInterfaceOrientationPortraitUpsideDown";
				IPHONEOS_DEPLOYMENT_TARGET = 16.0;
				LD_RUNPATH_SEARCH_PATHS = (
					"$(inherited)",
					"@executable_path/Frameworks",
				);
				MARKETING_VERSION = 1.0;
				PRODUCT_BUNDLE_IDENTIFIER = "duarte-bruno.popular-pexels-ios";
				PRODUCT_NAME = "$(TARGET_NAME)";
				SUPPORTED_PLATFORMS = "iphoneos iphonesimulator";
				SUPPORTS_MACCATALYST = NO;
				SUPPORTS_MAC_DESIGNED_FOR_IPHONE_IPAD = NO;
				SWIFT_EMIT_LOC_STRINGS = YES;
				SWIFT_VERSION = 5.0;
				TARGETED_DEVICE_FAMILY = 1;
			};
			name = Debug;
		};
		75EA111C2A4F2FC400DE79C2 /* Release */ = {
			isa = XCBuildConfiguration;
			buildSettings = {
				ASSETCATALOG_COMPILER_APPICON_NAME = AppIcon;
				ASSETCATALOG_COMPILER_GLOBAL_ACCENT_COLOR_NAME = AccentColor;
				CODE_SIGN_STYLE = Automatic;
				CURRENT_PROJECT_VERSION = 1;
				DEVELOPMENT_ASSET_PATHS = "\"popular-pexels-ios/Preview Content\"";
				DEVELOPMENT_TEAM = 8KR33X63ZD;
				ENABLE_PREVIEWS = YES;
				GENERATE_INFOPLIST_FILE = YES;
				INFOPLIST_KEY_CFBundleDisplayName = "Popular Pexels";
				INFOPLIST_KEY_LSApplicationCategoryType = "public.app-category.video";
				INFOPLIST_KEY_UIApplicationSceneManifest_Generation = YES;
				INFOPLIST_KEY_UIApplicationSupportsIndirectInputEvents = YES;
				INFOPLIST_KEY_UILaunchScreen_Generation = YES;
				INFOPLIST_KEY_UILaunchStoryboardName = "Launch Screen.storyboard";
				INFOPLIST_KEY_UIStatusBarStyle = UIStatusBarStyleLightContent;
				INFOPLIST_KEY_UISupportedInterfaceOrientations = UIInterfaceOrientationPortrait;
				INFOPLIST_KEY_UISupportedInterfaceOrientations_iPad = "UIInterfaceOrientationLandscapeLeft UIInterfaceOrientationLandscapeRight UIInterfaceOrientationPortrait UIInterfaceOrientationPortraitUpsideDown";
				IPHONEOS_DEPLOYMENT_TARGET = 16.0;
				LD_RUNPATH_SEARCH_PATHS = (
					"$(inherited)",
					"@executable_path/Frameworks",
				);
				MARKETING_VERSION = 1.0;
				PRODUCT_BUNDLE_IDENTIFIER = "duarte-bruno.popular-pexels-ios";
				PRODUCT_NAME = "$(TARGET_NAME)";
				SUPPORTED_PLATFORMS = "iphoneos iphonesimulator";
				SUPPORTS_MACCATALYST = NO;
				SUPPORTS_MAC_DESIGNED_FOR_IPHONE_IPAD = NO;
				SWIFT_EMIT_LOC_STRINGS = YES;
				SWIFT_VERSION = 5.0;
				TARGETED_DEVICE_FAMILY = 1;
			};
			name = Release;
		};
		75EA111E2A4F2FC400DE79C2 /* Debug */ = {
			isa = XCBuildConfiguration;
			buildSettings = {
				ALWAYS_EMBED_SWIFT_STANDARD_LIBRARIES = YES;
				BUNDLE_LOADER = "$(TEST_HOST)";
				CODE_SIGN_STYLE = Automatic;
				CURRENT_PROJECT_VERSION = 1;
				DEVELOPMENT_TEAM = 8KR33X63ZD;
				GENERATE_INFOPLIST_FILE = YES;
				IPHONEOS_DEPLOYMENT_TARGET = 16.4;
				MARKETING_VERSION = 1.0;
				PRODUCT_BUNDLE_IDENTIFIER = "duarte-bruno.popular-pexels-iosTests";
				PRODUCT_NAME = "$(TARGET_NAME)";
				SWIFT_EMIT_LOC_STRINGS = NO;
				SWIFT_VERSION = 5.0;
				TARGETED_DEVICE_FAMILY = "1,2";
				TEST_HOST = "$(BUILT_PRODUCTS_DIR)/popular-pexels-ios.app/$(BUNDLE_EXECUTABLE_FOLDER_PATH)/popular-pexels-ios";
			};
			name = Debug;
		};
		75EA111F2A4F2FC400DE79C2 /* Release */ = {
			isa = XCBuildConfiguration;
			buildSettings = {
				ALWAYS_EMBED_SWIFT_STANDARD_LIBRARIES = YES;
				BUNDLE_LOADER = "$(TEST_HOST)";
				CODE_SIGN_STYLE = Automatic;
				CURRENT_PROJECT_VERSION = 1;
				DEVELOPMENT_TEAM = 8KR33X63ZD;
				GENERATE_INFOPLIST_FILE = YES;
				IPHONEOS_DEPLOYMENT_TARGET = 16.4;
				MARKETING_VERSION = 1.0;
				PRODUCT_BUNDLE_IDENTIFIER = "duarte-bruno.popular-pexels-iosTests";
				PRODUCT_NAME = "$(TARGET_NAME)";
				SWIFT_EMIT_LOC_STRINGS = NO;
				SWIFT_VERSION = 5.0;
				TARGETED_DEVICE_FAMILY = "1,2";
				TEST_HOST = "$(BUILT_PRODUCTS_DIR)/popular-pexels-ios.app/$(BUNDLE_EXECUTABLE_FOLDER_PATH)/popular-pexels-ios";
			};
			name = Release;
		};
		75EA11212A4F2FC400DE79C2 /* Debug */ = {
			isa = XCBuildConfiguration;
			buildSettings = {
				ALWAYS_EMBED_SWIFT_STANDARD_LIBRARIES = YES;
				CODE_SIGN_STYLE = Automatic;
				CURRENT_PROJECT_VERSION = 1;
				DEVELOPMENT_TEAM = 8KR33X63ZD;
				GENERATE_INFOPLIST_FILE = YES;
				MARKETING_VERSION = 1.0;
				PRODUCT_BUNDLE_IDENTIFIER = "duarte-bruno.popular-pexels-iosUITests";
				PRODUCT_NAME = "$(TARGET_NAME)";
				SWIFT_EMIT_LOC_STRINGS = NO;
				SWIFT_VERSION = 5.0;
				TARGETED_DEVICE_FAMILY = "1,2";
				TEST_TARGET_NAME = "popular-pexels-ios";
			};
			name = Debug;
		};
		75EA11222A4F2FC400DE79C2 /* Release */ = {
			isa = XCBuildConfiguration;
			buildSettings = {
				ALWAYS_EMBED_SWIFT_STANDARD_LIBRARIES = YES;
				CODE_SIGN_STYLE = Automatic;
				CURRENT_PROJECT_VERSION = 1;
				DEVELOPMENT_TEAM = 8KR33X63ZD;
				GENERATE_INFOPLIST_FILE = YES;
				MARKETING_VERSION = 1.0;
				PRODUCT_BUNDLE_IDENTIFIER = "duarte-bruno.popular-pexels-iosUITests";
				PRODUCT_NAME = "$(TARGET_NAME)";
				SWIFT_EMIT_LOC_STRINGS = NO;
				SWIFT_VERSION = 5.0;
				TARGETED_DEVICE_FAMILY = "1,2";
				TEST_TARGET_NAME = "popular-pexels-ios";
			};
			name = Release;
		};
/* End XCBuildConfiguration section */

/* Begin XCConfigurationList section */
		75EA10F12A4F2FC300DE79C2 /* Build configuration list for PBXProject "popular-pexels-ios" */ = {
			isa = XCConfigurationList;
			buildConfigurations = (
				75EA11182A4F2FC400DE79C2 /* Debug */,
				75EA11192A4F2FC400DE79C2 /* Release */,
			);
			defaultConfigurationIsVisible = 0;
			defaultConfigurationName = Release;
		};
		75EA111A2A4F2FC400DE79C2 /* Build configuration list for PBXNativeTarget "popular-pexels-ios" */ = {
			isa = XCConfigurationList;
			buildConfigurations = (
				75EA111B2A4F2FC400DE79C2 /* Debug */,
				75EA111C2A4F2FC400DE79C2 /* Release */,
			);
			defaultConfigurationIsVisible = 0;
			defaultConfigurationName = Release;
		};
		75EA111D2A4F2FC400DE79C2 /* Build configuration list for PBXNativeTarget "popular-pexels-iosTests" */ = {
			isa = XCConfigurationList;
			buildConfigurations = (
				75EA111E2A4F2FC400DE79C2 /* Debug */,
				75EA111F2A4F2FC400DE79C2 /* Release */,
			);
			defaultConfigurationIsVisible = 0;
			defaultConfigurationName = Release;
		};
		75EA11202A4F2FC400DE79C2 /* Build configuration list for PBXNativeTarget "popular-pexels-iosUITests" */ = {
			isa = XCConfigurationList;
			buildConfigurations = (
				75EA11212A4F2FC400DE79C2 /* Debug */,
				75EA11222A4F2FC400DE79C2 /* Release */,
			);
			defaultConfigurationIsVisible = 0;
			defaultConfigurationName = Release;
		};
/* End XCConfigurationList section */
	};
	rootObject = 75EA10EE2A4F2FC300DE79C2 /* Project object */;
}
